
Microsoft Visual Studio Solution File, Format Version 12.00
# Visual Studio 15
VisualStudioVersion = 15.0.26730.16
MinimumVisualStudioVersion = 10.0.40219.1
Project("{FAE04EC0-301F-11D3-BF4B-00C04F79EFBC}") = "SavingsAccount", "SavingsAccount\SavingsAccount.csproj", "{E6FB871C-D956-4442-B8BA-F158D3F6A1A4}"
EndProject
Project("{FAE04EC0-301F-11D3-BF4B-00C04F79EFBC}") = "Account Heirarchy", "Account Heirarchy\Account Heirarchy.csproj", "{2E01783A-A626-4F0A-B6D4-A149F53D8232}"
EndProject
Global
	GlobalSection(SolutionConfigurationPlatforms) = preSolution
		Debug|Any CPU = Debug|Any CPU
		Release|Any CPU = Release|Any CPU
	EndGlobalSection
	GlobalSection(ProjectConfigurationPlatforms) = postSolution
		{E6FB871C-D956-4442-B8BA-F158D3F6A1A4}.Debug|Any CPU.ActiveCfg = Debug|Any CPU
		{E6FB871C-D956-4442-B8BA-F158D3F6A1A4}.Debug|Any CPU.Build.0 = Debug|Any CPU
		{E6FB871C-D956-4442-B8BA-F158D3F6A1A4}.Release|Any CPU.ActiveCfg = Release|Any CPU
		{E6FB871C-D956-4442-B8BA-F158D3F6A1A4}.Release|Any CPU.Build.0 = Release|Any CPU
		{2E01783A-A626-4F0A-B6D4-A149F53D8232}.Debug|Any CPU.ActiveCfg = Debug|Any CPU
		{2E01783A-A626-4F0A-B6D4-A149F53D8232}.Debug|Any CPU.Build.0 = Debug|Any CPU
		{2E01783A-A626-4F0A-B6D4-A149F53D8232}.Release|Any CPU.ActiveCfg = Release|Any CPU
		{2E01783A-A626-4F0A-B6D4-A149F53D8232}.Release|Any CPU.Build.0 = Release|Any CPU
	EndGlobalSection
	GlobalSection(SolutionProperties) = preSolution
		HideSolutionNode = FALSE
	EndGlobalSection
	GlobalSection(ExtensibilityGlobals) = postSolution
		SolutionGuid = {7F767B58-9833-409F-ABF8-03DBDD48C628}
	EndGlobalSection
EndGlobal
